// !$*UTF8*$!
{
	archiveVersion = 1;
	classes = {
	};
	objectVersion = 46;
	objects = {

/* Begin PBXBuildFile section */
		71A098E71B1AE51E000C20DC /* main.m in Sources */ = {isa = PBXBuildFile; fileRef = 71A098E61B1AE51E000C20DC /* main.m */; };
		71A098EA1B1AE51E000C20DC /* AppDelegate.m in Sources */ = {isa = PBXBuildFile; fileRef = 71A098E91B1AE51E000C20DC /* AppDelegate.m */; };
		71A098ED1B1AE51E000C20DC /* Books_CRUD.xcdatamodeld in Sources */ = {isa = PBXBuildFile; fileRef = 71A098EB1B1AE51E000C20DC /* Books_CRUD.xcdatamodeld */; };
		71A098F01B1AE51E000C20DC /* ViewController.m in Sources */ = {isa = PBXBuildFile; fileRef = 71A098EF1B1AE51E000C20DC /* ViewController.m */; };
		71A098F51B1AE51E000C20DC /* Images.xcassets in Resources */ = {isa = PBXBuildFile; fileRef = 71A098F41B1AE51E000C20DC /* Images.xcassets */; };
		71A098F81B1AE51E000C20DC /* LaunchScreen.xib in Resources */ = {isa = PBXBuildFile; fileRef = 71A098F61B1AE51E000C20DC /* LaunchScreen.xib */; };
		71A099041B1AE51F000C20DC /* Books_CRUDTests.m in Sources */ = {isa = PBXBuildFile; fileRef = 71A099031B1AE51F000C20DC /* Books_CRUDTests.m */; };
		71A099281B1AE5CB000C20DC /* LaunchScreen.xib in Resources */ = {isa = PBXBuildFile; fileRef = 71A0990E1B1AE5CB000C20DC /* LaunchScreen.xib */; };
		71A099291B1AE5CB000C20DC /* Main.storyboard in Resources */ = {isa = PBXBuildFile; fileRef = 71A099101B1AE5CB000C20DC /* Main.storyboard */; };
		71A0992A1B1AE5CB000C20DC /* Books_CRUD.xcdatamodeld in Sources */ = {isa = PBXBuildFile; fileRef = 71A099121B1AE5CB000C20DC /* Books_CRUD.xcdatamodeld */; };
		71A0992B1B1AE5CB000C20DC /* InfoPlist.strings in Resources */ = {isa = PBXBuildFile; fileRef = 71A099151B1AE5CB000C20DC /* InfoPlist.strings */; };
		71A0992E1B1AE5CB000C20DC /* TableViewController.xib in Resources */ = {isa = PBXBuildFile; fileRef = 71A099191B1AE5CB000C20DC /* TableViewController.xib */; };
		71A0992F1B1AE5CB000C20DC /* DetailViewController.m in Sources */ = {isa = PBXBuildFile; fileRef = 71A0991A1B1AE5CB000C20DC /* DetailViewController.m */; };
		71A099301B1AE5CB000C20DC /* DetailViewController.xib in Resources */ = {isa = PBXBuildFile; fileRef = 71A0991B1B1AE5CB000C20DC /* DetailViewController.xib */; };
		71A099311B1AE5CB000C20DC /* TableViewController.m in Sources */ = {isa = PBXBuildFile; fileRef = 71A0991D1B1AE5CB000C20DC /* TableViewController.m */; };
		71A099321B1AE5CB000C20DC /* MyBooks.m in Sources */ = {isa = PBXBuildFile; fileRef = 71A0991F1B1AE5CB000C20DC /* MyBooks.m */; };
		71A099331B1AE5CB000C20DC /* AddBookViewController.m in Sources */ = {isa = PBXBuildFile; fileRef = 71A099221B1AE5CB000C20DC /* AddBookViewController.m */; };
		71A099351B1AE5CB000C20DC /* AddBookViewController.xib in Resources */ = {isa = PBXBuildFile; fileRef = 71A099251B1AE5CB000C20DC /* AddBookViewController.xib */; };
/* End PBXBuildFile section */

/* Begin PBXContainerItemProxy section */
		71A098FE1B1AE51F000C20DC /* PBXContainerItemProxy */ = {
			isa = PBXContainerItemProxy;
			containerPortal = 71A098D91B1AE51E000C20DC /* Project object */;
			proxyType = 1;
			remoteGlobalIDString = 71A098E01B1AE51E000C20DC;
			remoteInfo = Books_CRUD;
		};
/* End PBXContainerItemProxy section */

/* Begin PBXFileReference section */
		71A098E11B1AE51E000C20DC /* Books_CRUD.app */ = {isa = PBXFileReference; explicitFileType = wrapper.application; includeInIndex = 0; path = Books_CRUD.app; sourceTree = BUILT_PRODUCTS_DIR; };
		71A098E51B1AE51E000C20DC /* Info.plist */ = {isa = PBXFileReference; lastKnownFileType = text.plist.xml; path = Info.plist; sourceTree = "<group>"; };
		71A098E61B1AE51E000C20DC /* main.m */ = {isa = PBXFileReference; lastKnownFileType = sourcecode.c.objc; path = main.m; sourceTree = "<group>"; };
		71A098E81B1AE51E000C20DC /* AppDelegate.h */ = {isa = PBXFileReference; lastKnownFileType = sourcecode.c.h; path = AppDelegate.h; sourceTree = "<group>"; };
		71A098E91B1AE51E000C20DC /* AppDelegate.m */ = {isa = PBXFileReference; lastKnownFileType = sourcecode.c.objc; path = AppDelegate.m; sourceTree = "<group>"; };
		71A098EC1B1AE51E000C20DC /* Books_CRUD.xcdatamodel */ = {isa = PBXFileReference; lastKnownFileType = wrapper.xcdatamodel; path = Books_CRUD.xcdatamodel; sourceTree = "<group>"; };
		71A098EE1B1AE51E000C20DC /* ViewController.h */ = {isa = PBXFileReference; lastKnownFileType = sourcecode.c.h; path = ViewController.h; sourceTree = "<group>"; };
		71A098EF1B1AE51E000C20DC /* ViewController.m */ = {isa = PBXFileReference; lastKnownFileType = sourcecode.c.objc; path = ViewController.m; sourceTree = "<group>"; };
		71A098F41B1AE51E000C20DC /* Images.xcassets */ = {isa = PBXFileReference; lastKnownFileType = folder.assetcatalog; path = Images.xcassets; sourceTree = "<group>"; };
		71A098F71B1AE51E000C20DC /* Base */ = {isa = PBXFileReference; lastKnownFileType = file.xib; name = Base; path = Base.lproj/LaunchScreen.xib; sourceTree = "<group>"; };
		71A098FD1B1AE51F000C20DC /* Books_CRUDTests.xctest */ = {isa = PBXFileReference; explicitFileType = wrapper.cfbundle; includeInIndex = 0; path = Books_CRUDTests.xctest; sourceTree = BUILT_PRODUCTS_DIR; };
		71A099021B1AE51F000C20DC /* Info.plist */ = {isa = PBXFileReference; lastKnownFileType = text.plist.xml; path = Info.plist; sourceTree = "<group>"; };
		71A099031B1AE51F000C20DC /* Books_CRUDTests.m */ = {isa = PBXFileReference; lastKnownFileType = sourcecode.c.objc; path = Books_CRUDTests.m; sourceTree = "<group>"; };
		71A0990F1B1AE5CB000C20DC /* Base */ = {isa = PBXFileReference; lastKnownFileType = file.xib; name = Base; path = LaunchScreen.xib; sourceTree = "<group>"; };
		71A099111B1AE5CB000C20DC /* Base */ = {isa = PBXFileReference; lastKnownFileType = file.storyboard; name = Base; path = Main.storyboard; sourceTree = "<group>"; };
		71A099131B1AE5CB000C20DC /* Books_CRUD.xcdatamodel */ = {isa = PBXFileReference; lastKnownFileType = wrapper.xcdatamodel; path = Books_CRUD.xcdatamodel; sourceTree = "<group>"; };
		71A099161B1AE5CB000C20DC /* en */ = {isa = PBXFileReference; lastKnownFileType = text.plist.strings; name = en; path = InfoPlist.strings; sourceTree = "<group>"; };
		71A099191B1AE5CB000C20DC /* TableViewController.xib */ = {isa = PBXFileReference; fileEncoding = 4; lastKnownFileType = file.xib; path = TableViewController.xib; sourceTree = "<group>"; };
		71A0991A1B1AE5CB000C20DC /* DetailViewController.m */ = {isa = PBXFileReference; fileEncoding = 4; lastKnownFileType = sourcecode.c.objc; path = DetailViewController.m; sourceTree = "<group>"; };
		71A0991B1B1AE5CB000C20DC /* DetailViewController.xib */ = {isa = PBXFileReference; fileEncoding = 4; lastKnownFileType = file.xib; path = DetailViewController.xib; sourceTree = "<group>"; };
		71A0991C1B1AE5CB000C20DC /* DetailViewController.h */ = {isa = PBXFileReference; fileEncoding = 4; lastKnownFileType = sourcecode.c.h; path = DetailViewController.h; sourceTree = "<group>"; };
		71A0991D1B1AE5CB000C20DC /* TableViewController.m */ = {isa = PBXFileReference; fileEncoding = 4; lastKnownFileType = sourcecode.c.objc; path = TableViewController.m; sourceTree = "<group>"; };
		71A0991E1B1AE5CB000C20DC /* TableViewController.h */ = {isa = PBXFileReference; fileEncoding = 4; lastKnownFileType = sourcecode.c.h; path = TableViewController.h; sourceTree = "<group>"; };
		71A0991F1B1AE5CB000C20DC /* MyBooks.m */ = {isa = PBXFileReference; fileEncoding = 4; lastKnownFileType = sourcecode.c.objc; path = MyBooks.m; sourceTree = "<group>"; };
		71A099201B1AE5CB000C20DC /* MyBooks.h */ = {isa = PBXFileReference; fileEncoding = 4; lastKnownFileType = sourcecode.c.h; path = MyBooks.h; sourceTree = "<group>"; };
		71A099211B1AE5CB000C20DC /* AddBookViewController.h */ = {isa = PBXFileReference; fileEncoding = 4; lastKnownFileType = sourcecode.c.h; path = AddBookViewController.h; sourceTree = "<group>"; };
		71A099221B1AE5CB000C20DC /* AddBookViewController.m */ = {isa = PBXFileReference; fileEncoding = 4; lastKnownFileType = sourcecode.c.objc; path = AddBookViewController.m; sourceTree = "<group>"; };
		71A099251B1AE5CB000C20DC /* AddBookViewController.xib */ = {isa = PBXFileReference; fileEncoding = 4; lastKnownFileType = file.xib; path = AddBookViewController.xib; sourceTree = "<group>"; };
/* End PBXFileReference section */

/* Begin PBXFrameworksBuildPhase section */
		71A098DE1B1AE51E000C20DC /* Frameworks */ = {
			isa = PBXFrameworksBuildPhase;
			buildActionMask = 2147483647;
			files = (
			);
			runOnlyForDeploymentPostprocessing = 0;
		};
		71A098FA1B1AE51F000C20DC /* Frameworks */ = {
			isa = PBXFrameworksBuildPhase;
			buildActionMask = 2147483647;
			files = (
			);
			runOnlyForDeploymentPostprocessing = 0;
		};
/* End PBXFrameworksBuildPhase section */

/* Begin PBXGroup section */
		71A098D81B1AE51E000C20DC = {
			isa = PBXGroup;
			children = (
				71A098E31B1AE51E000C20DC /* Books_CRUD */,
				71A099001B1AE51F000C20DC /* Books_CRUDTests */,
				71A098E21B1AE51E000C20DC /* Products */,
			);
			sourceTree = "<group>";
		};
		71A098E21B1AE51E000C20DC /* Products */ = {
			isa = PBXGroup;
			children = (
				71A098E11B1AE51E000C20DC /* Books_CRUD.app */,
				71A098FD1B1AE51F000C20DC /* Books_CRUDTests.xctest */,
			);
			name = Products;
			sourceTree = "<group>";
		};
		71A098E31B1AE51E000C20DC /* Books_CRUD */ = {
			isa = PBXGroup;
			children = (
				71A0990D1B1AE5CB000C20DC /* Base.lproj */,
				71A099121B1AE5CB000C20DC /* Books_CRUD.xcdatamodeld */,
				71A099141B1AE5CB000C20DC /* en.lproj */,
				71A099191B1AE5CB000C20DC /* TableViewController.xib */,
				71A0991A1B1AE5CB000C20DC /* DetailViewController.m */,
				71A0991B1B1AE5CB000C20DC /* DetailViewController.xib */,
				71A0991C1B1AE5CB000C20DC /* DetailViewController.h */,
				71A0991D1B1AE5CB000C20DC /* TableViewController.m */,
				71A0991E1B1AE5CB000C20DC /* TableViewController.h */,
				71A0991F1B1AE5CB000C20DC /* MyBooks.m */,
				71A099201B1AE5CB000C20DC /* MyBooks.h */,
				71A099211B1AE5CB000C20DC /* AddBookViewController.h */,
				71A099221B1AE5CB000C20DC /* AddBookViewController.m */,
				71A099251B1AE5CB000C20DC /* AddBookViewController.xib */,
				71A098E81B1AE51E000C20DC /* AppDelegate.h */,
				71A098E91B1AE51E000C20DC /* AppDelegate.m */,
				71A098EE1B1AE51E000C20DC /* ViewController.h */,
				71A098EF1B1AE51E000C20DC /* ViewController.m */,
				71A098F41B1AE51E000C20DC /* Images.xcassets */,
				71A098F61B1AE51E000C20DC /* LaunchScreen.xib */,
				71A098EB1B1AE51E000C20DC /* Books_CRUD.xcdatamodeld */,
				71A098E41B1AE51E000C20DC /* Supporting Files */,
			);
			path = Books_CRUD;
			sourceTree = "<group>";
		};
		71A098E41B1AE51E000C20DC /* Supporting Files */ = {
			isa = PBXGroup;
			children = (
				71A098E51B1AE51E000C20DC /* Info.plist */,
				71A098E61B1AE51E000C20DC /* main.m */,
			);
			name = "Supporting Files";
			sourceTree = "<group>";
		};
		71A099001B1AE51F000C20DC /* Books_CRUDTests */ = {
			isa = PBXGroup;
			children = (
				71A099031B1AE51F000C20DC /* Books_CRUDTests.m */,
				71A099011B1AE51F000C20DC /* Supporting Files */,
			);
			path = Books_CRUDTests;
			sourceTree = "<group>";
		};
		71A099011B1AE51F000C20DC /* Supporting Files */ = {
			isa = PBXGroup;
			children = (
				71A099021B1AE51F000C20DC /* Info.plist */,
			);
			name = "Supporting Files";
			sourceTree = "<group>";
		};
		71A0990D1B1AE5CB000C20DC /* Base.lproj */ = {
			isa = PBXGroup;
			children = (
				71A0990E1B1AE5CB000C20DC /* LaunchScreen.xib */,
				71A099101B1AE5CB000C20DC /* Main.storyboard */,
			);
			path = Base.lproj;
			sourceTree = "<group>";
		};
		71A099141B1AE5CB000C20DC /* en.lproj */ = {
			isa = PBXGroup;
			children = (
				71A099151B1AE5CB000C20DC /* InfoPlist.strings */,
			);
			path = en.lproj;
			sourceTree = "<group>";
		};
/* End PBXGroup section */

/* Begin PBXNativeTarget section */
		71A098E01B1AE51E000C20DC /* Books_CRUD */ = {
			isa = PBXNativeTarget;
			buildConfigurationList = 71A099071B1AE51F000C20DC /* Build configuration list for PBXNativeTarget "Books_CRUD" */;
			buildPhases = (
				71A098DD1B1AE51E000C20DC /* Sources */,
				71A098DE1B1AE51E000C20DC /* Frameworks */,
				71A098DF1B1AE51E000C20DC /* Resources */,
			);
			buildRules = (
			);
			dependencies = (
			);
			name = Books_CRUD;
			productName = Books_CRUD;
			productReference = 71A098E11B1AE51E000C20DC /* Books_CRUD.app */;
			productType = "com.apple.product-type.application";
		};
		71A098FC1B1AE51F000C20DC /* Books_CRUDTests */ = {
			isa = PBXNativeTarget;
			buildConfigurationList = 71A0990A1B1AE51F000C20DC /* Build configuration list for PBXNativeTarget "Books_CRUDTests" */;
			buildPhases = (
				71A098F91B1AE51F000C20DC /* Sources */,
				71A098FA1B1AE51F000C20DC /* Frameworks */,
				71A098FB1B1AE51F000C20DC /* Resources */,
			);
			buildRules = (
			);
			dependencies = (
				71A098FF1B1AE51F000C20DC /* PBXTargetDependency */,
			);
			name = Books_CRUDTests;
			productName = Books_CRUDTests;
			productReference = 71A098FD1B1AE51F000C20DC /* Books_CRUDTests.xctest */;
			productType = "com.apple.product-type.bundle.unit-test";
		};
/* End PBXNativeTarget section */

/* Begin PBXProject section */
		71A098D91B1AE51E000C20DC /* Project object */ = {
			isa = PBXProject;
			attributes = {
				LastUpgradeCheck = 0620;
				ORGANIZATIONNAME = "Ankur Patel";
				TargetAttributes = {
					71A098E01B1AE51E000C20DC = {
						CreatedOnToolsVersion = 6.2;
					};
					71A098FC1B1AE51F000C20DC = {
						CreatedOnToolsVersion = 6.2;
						TestTargetID = 71A098E01B1AE51E000C20DC;
					};
				};
			};
			buildConfigurationList = 71A098DC1B1AE51E000C20DC /* Build configuration list for PBXProject "Books_CRUD" */;
			compatibilityVersion = "Xcode 3.2";
			developmentRegion = English;
			hasScannedForEncodings = 0;
			knownRegions = (
				en,
				Base,
			);
			mainGroup = 71A098D81B1AE51E000C20DC;
			productRefGroup = 71A098E21B1AE51E000C20DC /* Products */;
			projectDirPath = "";
			projectRoot = "";
			targets = (
				71A098E01B1AE51E000C20DC /* Books_CRUD */,
				71A098FC1B1AE51F000C20DC /* Books_CRUDTests */,
			);
		};
/* End PBXProject section */

/* Begin PBXResourcesBuildPhase section */
		71A098DF1B1AE51E000C20DC /* Resources */ = {
			isa = PBXResourcesBuildPhase;
			buildActionMask = 2147483647;
			files = (
				71A099281B1AE5CB000C20DC /* LaunchScreen.xib in Resources */,
				71A0992B1B1AE5CB000C20DC /* InfoPlist.strings in Resources */,
				71A099291B1AE5CB000C20DC /* Main.storyboard in Resources */,
				71A098F81B1AE51E000C20DC /* LaunchScreen.xib in Resources */,
				71A0992E1B1AE5CB000C20DC /* TableViewController.xib in Resources */,
				71A099351B1AE5CB000C20DC /* AddBookViewController.xib in Resources */,
				71A099301B1AE5CB000C20DC /* DetailViewController.xib in Resources */,
				71A098F51B1AE51E000C20DC /* Images.xcassets in Resources */,
			);
			runOnlyForDeploymentPostprocessing = 0;
		};
		71A098FB1B1AE51F000C20DC /* Resources */ = {
			isa = PBXResourcesBuildPhase;
			buildActionMask = 2147483647;
			files = (
			);
			runOnlyForDeploymentPostprocessing = 0;
		};
/* End PBXResourcesBuildPhase section */

/* Begin PBXSourcesBuildPhase section */
		71A098DD1B1AE51E000C20DC /* Sources */ = {
			isa = PBXSourcesBuildPhase;
			buildActionMask = 2147483647;
			files = (
				71A099321B1AE5CB000C20DC /* MyBooks.m in Sources */,
				71A098ED1B1AE51E000C20DC /* Books_CRUD.xcdatamodeld in Sources */,
				71A098EA1B1AE51E000C20DC /* AppDelegate.m in Sources */,
				71A0992A1B1AE5CB000C20DC /* Books_CRUD.xcdatamodeld in Sources */,
				71A098F01B1AE51E000C20DC /* ViewController.m in Sources */,
				71A098E71B1AE51E000C20DC /* main.m in Sources */,
				71A099311B1AE5CB000C20DC /* TableViewController.m in Sources */,
				71A0992F1B1AE5CB000C20DC /* DetailViewController.m in Sources */,
				71A099331B1AE5CB000C20DC /* AddBookViewController.m in Sources */,
			);
			runOnlyForDeploymentPostprocessing = 0;
		};
		71A098F91B1AE51F000C20DC /* Sources */ = {
			isa = PBXSourcesBuildPhase;
			buildActionMask = 2147483647;
			files = (
				71A099041B1AE51F000C20DC /* Books_CRUDTests.m in Sources */,
			);
			runOnlyForDeploymentPostprocessing = 0;
		};
/* End PBXSourcesBuildPhase section */

/* Begin PBXTargetDependency section */
		71A098FF1B1AE51F000C20DC /* PBXTargetDependency */ = {
			isa = PBXTargetDependency;
			target = 71A098E01B1AE51E000C20DC /* Books_CRUD */;
			targetProxy = 71A098FE1B1AE51F000C20DC /* PBXContainerItemProxy */;
		};
/* End PBXTargetDependency section */

/* Begin PBXVariantGroup section */
		71A098F61B1AE51E000C20DC /* LaunchScreen.xib */ = {
			isa = PBXVariantGroup;
			children = (
				71A098F71B1AE51E000C20DC /* Base */,
			);
			name = LaunchScreen.xib;
			sourceTree = "<group>";
		};
		71A0990E1B1AE5CB000C20DC /* LaunchScreen.xib */ = {
			isa = PBXVariantGroup;
			children = (
				71A0990F1B1AE5CB000C20DC /* Base */,
			);
			name = LaunchScreen.xib;
			sourceTree = "<group>";
		};
		71A099101B1AE5CB000C20DC /* Main.storyboard */ = {
			isa = PBXVariantGroup;
			children = (
				71A099111B1AE5CB000C20DC /* Base */,
			);
			name = Main.storyboard;
			sourceTree = "<group>";
		};
		71A099151B1AE5CB000C20DC /* InfoPlist.strings */ = {
			isa = PBXVariantGroup;
			children = (
				71A099161B1AE5CB000C20DC /* en */,
			);
			name = InfoPlist.strings;
			sourceTree = "<group>";
		};
/* End PBXVariantGroup section */

/* Begin XCBuildConfiguration section */
		71A099051B1AE51F000C20DC /* Debug */ = {
			isa = XCBuildConfiguration;
			buildSettings = {
				ALWAYS_SEARCH_USER_PATHS = NO;
				CLANG_CXX_LANGUAGE_STANDARD = "gnu++0x";
				CLANG_CXX_LIBRARY = "libc++";
				CLANG_ENABLE_MODULES = YES;
				CLANG_ENABLE_OBJC_ARC = NO;
				CLANG_WARN_BOOL_CONVERSION = YES;
				CLANG_WARN_CONSTANT_CONVERSION = YES;
				CLANG_WARN_DIRECT_OBJC_ISA_USAGE = YES_ERROR;
				CLANG_WARN_EMPTY_BODY = YES;
				CLANG_WARN_ENUM_CONVERSION = YES;
				CLANG_WARN_INT_CONVERSION = YES;
				CLANG_WARN_OBJC_ROOT_CLASS = YES_ERROR;
				CLANG_WARN_UNREACHABLE_CODE = YES;
				CLANG_WARN__DUPLICATE_METHOD_MATCH = YES;
				"CODE_SIGN_IDENTITY[sdk=iphoneos*]" = "iPhone Developer";
				COPY_PHASE_STRIP = NO;
				ENABLE_STRICT_OBJC_MSGSEND = YES;
				GCC_C_LANGUAGE_STANDARD = gnu99;
				GCC_DYNAMIC_NO_PIC = NO;
				GCC_OPTIMIZATION_LEVEL = 0;
				GCC_PREPROCESSOR_DEFINITIONS = (
					"DEBUG=1",
					"$(inherited)",
				);
				GCC_SYMBOLS_PRIVATE_EXTERN = NO;
				GCC_WARN_64_TO_32_BIT_CONVERSION = YES;
				GCC_WARN_ABOUT_RETURN_TYPE = YES_ERROR;
				GCC_WARN_UNDECLARED_SELECTOR = YES;
				GCC_WARN_UNINITIALIZED_AUTOS = YES_AGGRESSIVE;
				GCC_WARN_UNUSED_FUNCTION = YES;
				GCC_WARN_UNUSED_VARIABLE = YES;
				IPHONEOS_DEPLOYMENT_TARGET = 8.2;
				MTL_ENABLE_DEBUG_INFO = YES;
				ONLY_ACTIVE_ARCH = YES;
				SDKROOT = iphoneos;
			};
			name = Debug;
		};
		71A099061B1AE51F000C20DC /* Release */ = {
			isa = XCBuildConfiguration;
			buildSettings = {
				ALWAYS_SEARCH_USER_PATHS = NO;
				CLANG_CXX_LANGUAGE_STANDARD = "gnu++0x";
				CLANG_CXX_LIBRARY = "libc++";
				CLANG_ENABLE_MODULES = YES;
				CLANG_ENABLE_OBJC_ARC = NO;
				CLANG_WARN_BOOL_CONVERSION = YES;
				CLANG_WARN_CONSTANT_CONVERSION = YES;
				CLANG_WARN_DIRECT_OBJC_ISA_USAGE = YES_ERROR;
				CLANG_WARN_EMPTY_BODY = YES;
				CLANG_WARN_ENUM_CONVERSION = YES;
				CLANG_WARN_INT_CONVERSION = YES;
				CLANG_WARN_OBJC_ROOT_CLASS = YES_ERROR;
				CLANG_WARN_UNREACHABLE_CODE = YES;
				CLANG_WARN__DUPLICATE_METHOD_MATCH = YES;
				"CODE_SIGN_IDENTITY[sdk=iphoneos*]" = "iPhone Developer";
				COPY_PHASE_STRIP = YES;
				ENABLE_NS_ASSERTIONS = NO;
				ENABLE_STRICT_OBJC_MSGSEND = YES;
				GCC_C_LANGUAGE_STANDARD = gnu99;
				GCC_WARN_64_TO_32_BIT_CONVERSION = YES;
				GCC_WARN_ABOUT_RETURN_TYPE = YES_ERROR;
				GCC_WARN_UNDECLARED_SELECTOR = YES;
				GCC_WARN_UNINITIALIZED_AUTOS = YES_AGGRESSIVE;
				GCC_WARN_UNUSED_FUNCTION = YES;
				GCC_WARN_UNUSED_VARIABLE = YES;
				IPHONEOS_DEPLOYMENT_TARGET = 8.2;
				MTL_ENABLE_DEBUG_INFO = NO;
				SDKROOT = iphoneos;
				VALIDATE_PRODUCT = YES;
			};
			name = Release;
		};
		71A099081B1AE51F000C20DC /* Debug */ = {
			isa = XCBuildConfiguration;
			buildSettings = {
				ASSETCATALOG_COMPILER_APPICON_NAME = AppIcon;
				INFOPLIST_FILE = Books_CRUD/Info.plist;
				LD_RUNPATH_SEARCH_PATHS = "$(inherited) @executable_path/Frameworks";
				PRODUCT_NAME = "$(TARGET_NAME)";
			};
			name = Debug;
		};
		71A099091B1AE51F000C20DC /* Release */ = {
			isa = XCBuildConfiguration;
			buildSettings = {
				ASSETCATALOG_COMPILER_APPICON_NAME = AppIcon;
				INFOPLIST_FILE = Books_CRUD/Info.plist;
				LD_RUNPATH_SEARCH_PATHS = "$(inherited) @executable_path/Frameworks";
				PRODUCT_NAME = "$(TARGET_NAME)";
			};
			name = Release;
		};
		71A0990B1B1AE51F000C20DC /* Debug */ = {
			isa = XCBuildConfiguration;
			buildSettings = {
				BUNDLE_LOADER = "$(TEST_HOST)";
				FRAMEWORK_SEARCH_PATHS = (
					"$(SDKROOT)/Developer/Library/Frameworks",
					"$(inherited)",
				);
				GCC_PREPROCESSOR_DEFINITIONS = (
					"DEBUG=1",
					"$(inherited)",
				);
				INFOPLIST_FILE = Books_CRUDTests/Info.plist;
				LD_RUNPATH_SEARCH_PATHS = "$(inherited) @executable_path/Frameworks @loader_path/Frameworks";
				PRODUCT_NAME = "$(TARGET_NAME)";
				TEST_HOST = "$(BUILT_PRODUCTS_DIR)/Books_CRUD.app/Books_CRUD";
			};
			name = Debug;
		};
		71A0990C1B1AE51F000C20DC /* Release */ = {
			isa = XCBuildConfiguration;
			buildSettings = {
				BUNDLE_LOADER = "$(TEST_HOST)";
				FRAMEWORK_SEARCH_PATHS = (
					"$(SDKROOT)/Developer/Library/Frameworks",
					"$(inherited)",
				);
				INFOPLIST_FILE = Books_CRUDTests/Info.plist;
				LD_RUNPATH_SEARCH_PATHS = "$(inherited) @executable_path/Frameworks @loader_path/Frameworks";
				PRODUCT_NAME = "$(TARGET_NAME)";
				TEST_HOST = "$(BUILT_PRODUCTS_DIR)/Books_CRUD.app/Books_CRUD";
			};
			name = Release;
		};
/* End XCBuildConfiguration section */

/* Begin XCConfigurationList section */
		71A098DC1B1AE51E000C20DC /* Build configuration list for PBXProject "Books_CRUD" */ = {
			isa = XCConfigurationList;
			buildConfigurations = (
				71A099051B1AE51F000C20DC /* Debug */,
				71A099061B1AE51F000C20DC /* Release */,
			);
			defaultConfigurationIsVisible = 0;
			defaultConfigurationName = Release;
		};
		71A099071B1AE51F000C20DC /* Build configuration list for PBXNativeTarget "Books_CRUD" */ = {
			isa = XCConfigurationList;
			buildConfigurations = (
				71A099081B1AE51F000C20DC /* Debug */,
				71A099091B1AE51F000C20DC /* Release */,
			);
			defaultConfigurationIsVisible = 0;
			defaultConfigurationName = Release;
		};
		71A0990A1B1AE51F000C20DC /* Build configuration list for PBXNativeTarget "Books_CRUDTests" */ = {
			isa = XCConfigurationList;
			buildConfigurations = (
				71A0990B1B1AE51F000C20DC /* Debug */,
				71A0990C1B1AE51F000C20DC /* Release */,
			);
			defaultConfigurationIsVisible = 0;
			defaultConfigurationName = Release;
		};
/* End XCConfigurationList section */

/* Begin XCVersionGroup section */
		71A098EB1B1AE51E000C20DC /* Books_CRUD.xcdatamodeld */ = {
			isa = XCVersionGroup;
			children = (
				71A098EC1B1AE51E000C20DC /* Books_CRUD.xcdatamodel */,
			);
			currentVersion = 71A098EC1B1AE51E000C20DC /* Books_CRUD.xcdatamodel */;
			path = Books_CRUD.xcdatamodeld;
			sourceTree = "<group>";
			versionGroupType = wrapper.xcdatamodel;
		};
		71A099121B1AE5CB000C20DC /* Books_CRUD.xcdatamodeld */ = {
			isa = XCVersionGroup;
			children = (
				71A099131B1AE5CB000C20DC /* Books_CRUD.xcdatamodel */,
			);
			currentVersion = 71A099131B1AE5CB000C20DC /* Books_CRUD.xcdatamodel */;
			path = Books_CRUD.xcdatamodeld;
			sourceTree = "<group>";
			versionGroupType = wrapper.xcdatamodel;
		};
/* End XCVersionGroup section */
	};
	rootObject = 71A098D91B1AE51E000C20DC /* Project object */;
}
